
Microsoft Visual Studio Solution File, Format Version 10.00
# Visual Studio 2008
Project("{8BC9CEB8-8B4A-11D0-8D11-00A0C91BC942}") = "kosmosfs", "vsproject\kosmosfs.vcproj", "{9BE11998-1B37-4308-B21B-2BFCB0C05607}"
EndProject
Global
	GlobalSection(SolutionConfigurationPlatforms) = preSolution
		Debug|Win32 = Debug|Win32
		Release|Win32 = Release|Win32
	EndGlobalSection
	GlobalSection(ProjectConfigurationPlatforms) = postSolution
		{9BE11998-1B37-4308-B21B-2BFCB0C05607}.Debug|Win32.ActiveCfg = Debug|Win32
		{9BE11998-1B37-4308-B21B-2BFCB0C05607}.Debug|Win32.Build.0 = Debug|Win32
		{9BE11998-1B37-4308-B21B-2BFCB0C05607}.Release|Win32.ActiveCfg = Release|Win32
		{9BE11998-1B37-4308-B21B-2BFCB0C05607}.Release|Win32.Build.0 = Release|Win32
	EndGlobalSection
	GlobalSection(SolutionProperties) = preSolution
		HideSolutionNode = FALSE
	EndGlobalSection
EndGlobal
